
Microsoft Visual Studio Solution File, Format Version 12.00
# Visual Studio 15
VisualStudioVersion = 15.0.27703.2018
MinimumVisualStudioVersion = 10.0.40219.1
Project("{FAE04EC0-301F-11D3-BF4B-00C04F79EFBC}") = "NeatTacToe", "NeatTacToe\NeatTacToe.csproj", "{7129D0CE-7AD8-406F-9184-D4622B86BE92}"
EndProject
Project("{FAE04EC0-301F-11D3-BF4B-00C04F79EFBC}") = "NeuralNetwork", "NeuralNetwork\NeuralNetwork.csproj", "{2CA5AE00-6066-49C9-B7F7-6E89766F3457}"
EndProject
Project("{FAE04EC0-301F-11D3-BF4B-00C04F79EFBC}") = "NeuralNetworkTests", "NeuralNetworkTests\NeuralNetworkTests.csproj", "{8057FAFF-B644-4EB0-9CE2-F53726E8E0FD}"
EndProject
Global
	GlobalSection(SolutionConfigurationPlatforms) = preSolution
		Debug|Any CPU = Debug|Any CPU
		Release|Any CPU = Release|Any CPU
	EndGlobalSection
	GlobalSection(ProjectConfigurationPlatforms) = postSolution
		{7129D0CE-7AD8-406F-9184-D4622B86BE92}.Debug|Any CPU.ActiveCfg = Debug|Any CPU
		{7129D0CE-7AD8-406F-9184-D4622B86BE92}.Debug|Any CPU.Build.0 = Debug|Any CPU
		{7129D0CE-7AD8-406F-9184-D4622B86BE92}.Release|Any CPU.ActiveCfg = Release|Any CPU
		{7129D0CE-7AD8-406F-9184-D4622B86BE92}.Release|Any CPU.Build.0 = Release|Any CPU
		{2CA5AE00-6066-49C9-B7F7-6E89766F3457}.Debug|Any CPU.ActiveCfg = Debug|Any CPU
		{2CA5AE00-6066-49C9-B7F7-6E89766F3457}.Debug|Any CPU.Build.0 = Debug|Any CPU
		{2CA5AE00-6066-49C9-B7F7-6E89766F3457}.Release|Any CPU.ActiveCfg = Release|Any CPU
		{2CA5AE00-6066-49C9-B7F7-6E89766F3457}.Release|Any CPU.Build.0 = Release|Any CPU
		{8057FAFF-B644-4EB0-9CE2-F53726E8E0FD}.Debug|Any CPU.ActiveCfg = Debug|Any CPU
		{8057FAFF-B644-4EB0-9CE2-F53726E8E0FD}.Debug|Any CPU.Build.0 = Debug|Any CPU
		{8057FAFF-B644-4EB0-9CE2-F53726E8E0FD}.Release|Any CPU.ActiveCfg = Release|Any CPU
		{8057FAFF-B644-4EB0-9CE2-F53726E8E0FD}.Release|Any CPU.Build.0 = Release|Any CPU
	EndGlobalSection
	GlobalSection(SolutionProperties) = preSolution
		HideSolutionNode = FALSE
	EndGlobalSection
	GlobalSection(ExtensibilityGlobals) = postSolution
		SolutionGuid = {F8CD54D6-35B3-47AC-8E7C-B8C719D94640}
	EndGlobalSection
EndGlobal
